
Microsoft Visual Studio Solution File, Format Version 12.00
# Visual Studio 15
Project("{FAE04EC0-301F-11D3-BF4B-00C04F79EFBC}") = "NavMeshComponents", "NavMeshComponents.csproj", "{AEC50567-B797-796C-7EA8-BF4E89D69A9B}"
EndProject
Project("{FAE04EC0-301F-11D3-BF4B-00C04F79EFBC}") = "Assembly-CSharp", "Assembly-CSharp.csproj", "{96B6CD97-0A4F-0C7F-8E34-5CC6A80E8238}"
EndProject
Project("{FAE04EC0-301F-11D3-BF4B-00C04F79EFBC}") = "NavMeshComponentsEditor", "NavMeshComponentsEditor.csproj", "{1C517315-2751-E641-A6CD-818A343B25DC}"
EndProject
Global
	GlobalSection(SolutionConfigurationPlatforms) = preSolution
		Debug|Any CPU = Debug|Any CPU
		Release|Any CPU = Release|Any CPU
	EndGlobalSection
	GlobalSection(ProjectConfigurationPlatforms) = postSolution
		{AEC50567-B797-796C-7EA8-BF4E89D69A9B}.Debug|Any CPU.ActiveCfg = Debug|Any CPU
		{AEC50567-B797-796C-7EA8-BF4E89D69A9B}.Debug|Any CPU.Build.0 = Debug|Any CPU
		{AEC50567-B797-796C-7EA8-BF4E89D69A9B}.Release|Any CPU.ActiveCfg = Release|Any CPU
		{AEC50567-B797-796C-7EA8-BF4E89D69A9B}.Release|Any CPU.Build.0 = Release|Any CPU
		{96B6CD97-0A4F-0C7F-8E34-5CC6A80E8238}.Debug|Any CPU.ActiveCfg = Debug|Any CPU
		{96B6CD97-0A4F-0C7F-8E34-5CC6A80E8238}.Debug|Any CPU.Build.0 = Debug|Any CPU
		{96B6CD97-0A4F-0C7F-8E34-5CC6A80E8238}.Release|Any CPU.ActiveCfg = Release|Any CPU
		{96B6CD97-0A4F-0C7F-8E34-5CC6A80E8238}.Release|Any CPU.Build.0 = Release|Any CPU
		{1C517315-2751-E641-A6CD-818A343B25DC}.Debug|Any CPU.ActiveCfg = Debug|Any CPU
		{1C517315-2751-E641-A6CD-818A343B25DC}.Debug|Any CPU.Build.0 = Debug|Any CPU
		{1C517315-2751-E641-A6CD-818A343B25DC}.Release|Any CPU.ActiveCfg = Release|Any CPU
		{1C517315-2751-E641-A6CD-818A343B25DC}.Release|Any CPU.Build.0 = Release|Any CPU
	EndGlobalSection
	GlobalSection(SolutionProperties) = preSolution
		HideSolutionNode = FALSE
	EndGlobalSection
EndGlobal
